# This file was autogenerated by Stack.
# You should not edit this file by hand.
# For more information, please see the documentation at:
#   https://docs.haskellstack.org/en/stable/lock_files

packages:
- completed:
    commit: a18b4579c7ab96de012b4f1048570329e99764a1
    git: https://github.com/jonaprieto/liquid-fixpoint
    name: liquid-fixpoint
    pantry-tree:
      sha256: 956ad82be78cb6ee5fe1b913a9b9ac0f4440478e62a0373f71181ca0dfe9262c
      size: 22535
    version: 0.8.10.7.1
  original:
    commit: a18b4579c7ab96de012b4f1048570329e99764a1
    git: https://github.com/jonaprieto/liquid-fixpoint
- completed:
    hackage: intern-0.9.4@sha256:e8f9369e423b2f26cfa556516d3fae9bcb361c56ef97d4fcf13704e87912a4c9,1741
    pantry-tree:
      sha256: bde9f99d416c9a47b4110635ab18b355cd617bed9b36db0adf2615313f4ee4bf
      size: 922
  original:
    hackage: intern-0.9.4
- completed:
    hackage: located-base-0.1.1.1@sha256:7c6395f2b6fbf2d5f76c3514f774423838c0ea94e1c6a5530dd3c94b30c9d1c8,1904
    pantry-tree:
      sha256: 9d7b96ce785b464253dcf0ac2d8eb0be4cae6b96ed3960d66b81c373b540ed3f
      size: 534
  original:
    hackage: located-base-0.1.1.1
- completed:
    hackage: text-format-0.3.2@sha256:2a3fc17cf87120fcfdbca62a0da59759755549285841cdc1483081c35fb3d115,1814
    pantry-tree:
      sha256: 2db26ddb77184186e0d5b2b020bdfbeb044c168024767b1fa3691682ca618896
      size: 1029
  original:
    hackage: text-format-0.3.2
- completed:
    hackage: tasty-rerun-1.1.18@sha256:6bdee1eeafcabbc61758f0489f9cca7cf94f555a77095beccfa533906c562101,1391
    pantry-tree:
      sha256: f053319853a44979d6da54a3c8c708284d5cb3b3ca3ced10dfafde4d5e1e6c52
      size: 334
  original:
    hackage: tasty-rerun-1.1.18
- completed:
    hackage: rest-rewrite-0.4.0@sha256:be93d899f7dece33f2a7613eb3dabd24d139f9cb2fc09f9efedfdce4ba6eb276,3923
    pantry-tree:
      sha256: ad19ccb2185ac0b58ddfd2eede69e6444986e687232e1504eb04ce7bb6e39368
      size: 4018
  original:
    hackage: rest-rewrite-0.4.0@sha256:be93d899f7dece33f2a7613eb3dabd24d139f9cb2fc09f9efedfdce4ba6eb276,3923
snapshots:
- completed:
    sha256: 03cec7d96ed78877b03b5c2bc5e31015b47f69af2fe6a62d994a42b7a43c5805
    size: 648659
    url: https://raw.githubusercontent.com/commercialhaskell/stackage-snapshots/master/lts/20/3.yaml
  original: lts-20.3
